
Microsoft Visual Studio Solution File, Format Version 12.00
# Visual Studio 14
VisualStudioVersion = 14.0.23107.0
MinimumVisualStudioVersion = 10.0.40219.1
Project("{FAE04EC0-301F-11D3-BF4B-00C04F79EFBC}") = "MembreLibrary", "MembreLibrary\MembreLibrary.csproj", "{C6555015-73AF-4775-B051-8C945C5295D9}"
EndProject
Project("{FAE04EC0-301F-11D3-BF4B-00C04F79EFBC}") = "ManageSingleConnexion", "ManageSingleConnexion\ManageSingleConnexion.csproj", "{56B977C2-B4FF-438D-BBAC-06FB114745E3}"
EndProject
Project("{FAE04EC0-301F-11D3-BF4B-00C04F79EFBC}") = "ParametreLibrary", "ParametreLibrary\ParametreLibrary.csproj", "{94050A77-B6EA-44BE-8343-00BE079081AA}"
EndProject
Project("{FAE04EC0-301F-11D3-BF4B-00C04F79EFBC}") = "DepartementLibrary", "DepartementLibrary\DepartementLibrary.csproj", "{6C291916-1050-4112-BB48-875013DA80B3}"
EndProject
Project("{FAE04EC0-301F-11D3-BF4B-00C04F79EFBC}") = "FinanceLibrary", "FinanceLibrary\FinanceLibrary.csproj", "{B0BDDFEB-4FE1-40E7-AC9B-B9ABAE4263E8}"
EndProject
Project("{FAE04EC0-301F-11D3-BF4B-00C04F79EFBC}") = "BaptemeLibrary", "BaptemeLibrary\BaptemeLibrary.csproj", "{5050AADB-905F-4667-B69B-03A45812412A}"
EndProject
Project("{FAE04EC0-301F-11D3-BF4B-00C04F79EFBC}") = "CommuniqueLibrary", "CommuniqueLibrary\CommuniqueLibrary.csproj", "{57D80707-86E8-43DF-8868-92521571E2FB}"
EndProject
Project("{FAE04EC0-301F-11D3-BF4B-00C04F79EFBC}") = "ReceptionEnfantLibrary", "ReceptionEnfantLibrary\ReceptionEnfantLibrary.csproj", "{A9A5B897-4EE7-409A-BBF4-5458936DAF54}"
EndProject
Project("{FAE04EC0-301F-11D3-BF4B-00C04F79EFBC}") = "MariageLibrary", "MariageLibrary\MariageLibrary.csproj", "{2569B3FF-3910-4479-ABE0-2AD0501C3590}"
EndProject
Project("{FAE04EC0-301F-11D3-BF4B-00C04F79EFBC}") = "CEPGUI", "CEPGUI\CEPGUI.csproj", "{640863F7-689D-4A2C-9123-58E4E6D420FC}"
EndProject
Project("{FAE04EC0-301F-11D3-BF4B-00C04F79EFBC}") = "UtilitiesLibrary", "UtilitiesLibrary\UtilitiesLibrary.csproj", "{4CAB5313-06E8-4B91-AC2C-0624538E83F0}"
EndProject
Project("{FAE04EC0-301F-11D3-BF4B-00C04F79EFBC}") = "SMSManager", "SMSManager\SMSManager.csproj", "{9D0288AC-EFE6-4C7F-96C8-2E406987CE28}"
EndProject
Global
	GlobalSection(SolutionConfigurationPlatforms) = preSolution
		Debug|Any CPU = Debug|Any CPU
		Release|Any CPU = Release|Any CPU
	EndGlobalSection
	GlobalSection(ProjectConfigurationPlatforms) = postSolution
		{C6555015-73AF-4775-B051-8C945C5295D9}.Debug|Any CPU.ActiveCfg = Debug|Any CPU
		{C6555015-73AF-4775-B051-8C945C5295D9}.Debug|Any CPU.Build.0 = Debug|Any CPU
		{C6555015-73AF-4775-B051-8C945C5295D9}.Release|Any CPU.ActiveCfg = Release|Any CPU
		{C6555015-73AF-4775-B051-8C945C5295D9}.Release|Any CPU.Build.0 = Release|Any CPU
		{56B977C2-B4FF-438D-BBAC-06FB114745E3}.Debug|Any CPU.ActiveCfg = Debug|Any CPU
		{56B977C2-B4FF-438D-BBAC-06FB114745E3}.Debug|Any CPU.Build.0 = Debug|Any CPU
		{56B977C2-B4FF-438D-BBAC-06FB114745E3}.Release|Any CPU.ActiveCfg = Release|Any CPU
		{56B977C2-B4FF-438D-BBAC-06FB114745E3}.Release|Any CPU.Build.0 = Release|Any CPU
		{94050A77-B6EA-44BE-8343-00BE079081AA}.Debug|Any CPU.ActiveCfg = Debug|Any CPU
		{94050A77-B6EA-44BE-8343-00BE079081AA}.Debug|Any CPU.Build.0 = Debug|Any CPU
		{94050A77-B6EA-44BE-8343-00BE079081AA}.Release|Any CPU.ActiveCfg = Release|Any CPU
		{94050A77-B6EA-44BE-8343-00BE079081AA}.Release|Any CPU.Build.0 = Release|Any CPU
		{6C291916-1050-4112-BB48-875013DA80B3}.Debug|Any CPU.ActiveCfg = Debug|Any CPU
		{6C291916-1050-4112-BB48-875013DA80B3}.Debug|Any CPU.Build.0 = Debug|Any CPU
		{6C291916-1050-4112-BB48-875013DA80B3}.Release|Any CPU.ActiveCfg = Release|Any CPU
		{6C291916-1050-4112-BB48-875013DA80B3}.Release|Any CPU.Build.0 = Release|Any CPU
		{B0BDDFEB-4FE1-40E7-AC9B-B9ABAE4263E8}.Debug|Any CPU.ActiveCfg = Debug|Any CPU
		{B0BDDFEB-4FE1-40E7-AC9B-B9ABAE4263E8}.Debug|Any CPU.Build.0 = Debug|Any CPU
		{B0BDDFEB-4FE1-40E7-AC9B-B9ABAE4263E8}.Release|Any CPU.ActiveCfg = Release|Any CPU
		{B0BDDFEB-4FE1-40E7-AC9B-B9ABAE4263E8}.Release|Any CPU.Build.0 = Release|Any CPU
		{5050AADB-905F-4667-B69B-03A45812412A}.Debug|Any CPU.ActiveCfg = Debug|Any CPU
		{5050AADB-905F-4667-B69B-03A45812412A}.Debug|Any CPU.Build.0 = Debug|Any CPU
		{5050AADB-905F-4667-B69B-03A45812412A}.Release|Any CPU.ActiveCfg = Release|Any CPU
		{5050AADB-905F-4667-B69B-03A45812412A}.Release|Any CPU.Build.0 = Release|Any CPU
		{57D80707-86E8-43DF-8868-92521571E2FB}.Debug|Any CPU.ActiveCfg = Debug|Any CPU
		{57D80707-86E8-43DF-8868-92521571E2FB}.Debug|Any CPU.Build.0 = Debug|Any CPU
		{57D80707-86E8-43DF-8868-92521571E2FB}.Release|Any CPU.ActiveCfg = Release|Any CPU
		{57D80707-86E8-43DF-8868-92521571E2FB}.Release|Any CPU.Build.0 = Release|Any CPU
		{A9A5B897-4EE7-409A-BBF4-5458936DAF54}.Debug|Any CPU.ActiveCfg = Debug|Any CPU
		{A9A5B897-4EE7-409A-BBF4-5458936DAF54}.Debug|Any CPU.Build.0 = Debug|Any CPU
		{A9A5B897-4EE7-409A-BBF4-5458936DAF54}.Release|Any CPU.ActiveCfg = Release|Any CPU
		{A9A5B897-4EE7-409A-BBF4-5458936DAF54}.Release|Any CPU.Build.0 = Release|Any CPU
		{2569B3FF-3910-4479-ABE0-2AD0501C3590}.Debug|Any CPU.ActiveCfg = Debug|Any CPU
		{2569B3FF-3910-4479-ABE0-2AD0501C3590}.Debug|Any CPU.Build.0 = Debug|Any CPU
		{2569B3FF-3910-4479-ABE0-2AD0501C3590}.Release|Any CPU.ActiveCfg = Release|Any CPU
		{2569B3FF-3910-4479-ABE0-2AD0501C3590}.Release|Any CPU.Build.0 = Release|Any CPU
		{640863F7-689D-4A2C-9123-58E4E6D420FC}.Debug|Any CPU.ActiveCfg = Debug|Any CPU
		{640863F7-689D-4A2C-9123-58E4E6D420FC}.Debug|Any CPU.Build.0 = Debug|Any CPU
		{640863F7-689D-4A2C-9123-58E4E6D420FC}.Release|Any CPU.ActiveCfg = Release|Any CPU
		{640863F7-689D-4A2C-9123-58E4E6D420FC}.Release|Any CPU.Build.0 = Release|Any CPU
		{4CAB5313-06E8-4B91-AC2C-0624538E83F0}.Debug|Any CPU.ActiveCfg = Debug|Any CPU
		{4CAB5313-06E8-4B91-AC2C-0624538E83F0}.Debug|Any CPU.Build.0 = Debug|Any CPU
		{4CAB5313-06E8-4B91-AC2C-0624538E83F0}.Release|Any CPU.ActiveCfg = Release|Any CPU
		{4CAB5313-06E8-4B91-AC2C-0624538E83F0}.Release|Any CPU.Build.0 = Release|Any CPU
		{9D0288AC-EFE6-4C7F-96C8-2E406987CE28}.Debug|Any CPU.ActiveCfg = Debug|Any CPU
		{9D0288AC-EFE6-4C7F-96C8-2E406987CE28}.Debug|Any CPU.Build.0 = Debug|Any CPU
		{9D0288AC-EFE6-4C7F-96C8-2E406987CE28}.Release|Any CPU.ActiveCfg = Release|Any CPU
		{9D0288AC-EFE6-4C7F-96C8-2E406987CE28}.Release|Any CPU.Build.0 = Release|Any CPU
	EndGlobalSection
	GlobalSection(SolutionProperties) = preSolution
		HideSolutionNode = FALSE
	EndGlobalSection
EndGlobal
